{
  "name": "extensions",
  "lockfileVersion": 2,
  "requires": true,
  "packages": {
    "": {
      "dependencies": {
        "coc-clangd": ">=0.13.0",
        "coc-go": ">=0.13.3",
        "coc-json": ">=1.3.6",
        "coc-prettier": ">=1.1.24",
        "coc-pyright": ">=1.1.159",
        "coc-snippets": ">=2.4.3",
        "coc-tsserver": ">=1.8.3"
      }
    },
    "node_modules/coc-clangd": {
      "version": "0.23.0",
      "resolved": "https://registry.npmjs.org/coc-clangd/-/coc-clangd-0.23.0.tgz",
      "integrity": "sha512-beFU2td+ZLtieKXmNlFd23VQQW84xqijS0IlFR+NuqYOeCbblfSKdLc36BSjGk4FEL9Eh9tCppt1IHCo/1OrcA==",
      "engines": {
        "coc": "^0.0.80"
      }
    },
    "node_modules/coc-go": {
      "version": "1.3.0",
      "resolved": "https://registry.npmjs.org/coc-go/-/coc-go-1.3.0.tgz",
      "integrity": "sha512-Oh3ea/gb0lU5qZN1qaQMAQhxscrgcYfB3ZuRWxi+tMLCjoi8gJg/g05C5zD6hfbgmhC1PsL7jPeWSe5F4MifLg==",
      "dependencies": {
        "tslib": "^2.3.1",
        "vscode-languageserver-textdocument": "^1.0.4",
        "vscode-uri": "^3.0.3",
        "which": "^2.0.2"
      },
      "engines": {
        "coc": "^0.0.80",
        "node": ">=12"
      }
    },
    "node_modules/coc-json": {
      "version": "1.4.2",
      "resolved": "https://registry.npmjs.org/coc-json/-/coc-json-1.4.2.tgz",
      "integrity": "sha512-o39cHt6BxsIEaAcd9bC8Smgej0mtYBWXG2vORGuBFFPylTqRzu96nUwlzVh+cPrPfpmrM5tv3LEtXo/urFNhSA==",
      "engines": {
        "coc": ">= 0.0.80"
      }
    },
    "node_modules/coc-prettier": {
      "version": "9.3.1",
      "resolved": "https://registry.npmjs.org/coc-prettier/-/coc-prettier-9.3.1.tgz",
      "integrity": "sha512-t/j62Sjq/eBcaN90b4KPNDuZBP3K+TomXj9RLdiJX0zE7RG2byqsxVTnVKAk9c+qE05jv16C5Zv1qv97ZKcA4g==",
      "dependencies": {
        "prettier": "^2.6.2"
      },
      "engines": {
        "coc": ">= 0.0.80"
      }
    },
    "node_modules/coc-pyright": {
      "version": "1.1.255",
      "resolved": "https://registry.npmjs.org/coc-pyright/-/coc-pyright-1.1.255.tgz",
      "integrity": "sha512-EY0CD9B+niaca81hxiGG/Kvt3Z5zIB1Xs6QyUrbxpOmSDSk9F0HAzypgaK+B4NRLlxS0UtDwVZziCnK4ma1riw==",
      "dependencies": {
        "pyright": "^1.1.255"
      },
      "engines": {
        "coc": "^0.0.80"
      }
    },
    "node_modules/coc-snippets": {
      "version": "3.0.14",
      "resolved": "https://registry.npmjs.org/coc-snippets/-/coc-snippets-3.0.14.tgz",
      "integrity": "sha512-aYlupbhcFlm03c4yGE8cv1x+s8Ur9VluA050QLzvEynbjHnzOGYZS97qwqgvWVRH0hKsU1dl50CG3XlF4T9vaA==",
      "engines": {
        "coc": "^0.0.80"
      }
    },
    "node_modules/coc-tsserver": {
      "version": "1.10.5",
      "resolved": "https://registry.npmjs.org/coc-tsserver/-/coc-tsserver-1.10.5.tgz",
      "integrity": "sha512-XU+kNQLtKpEcjnf5KYXO+FdLJPrMJXU+FzZrXhniN3Zatv3z58BZr07dY01sG3LGV2of/9o58EZNs7rdSst1Pg==",
      "dependencies": {
        "typescript": "^4.7.2"
      },
      "engines": {
        "coc": "^0.0.80"
      }
    },
    "node_modules/isexe": {
      "version": "2.0.0",
      "resolved": "https://registry.npmjs.org/isexe/-/isexe-2.0.0.tgz",
      "integrity": "sha512-RHxMLp9lnKHGHRng9QFhRCMbYAcVpn69smSGcq3f36xjgVVWThj4qqLbTLlq7Ssj8B+fIQ1EuCEGI2lKsyQeIw=="
    },
    "node_modules/prettier": {
      "version": "2.7.1",
      "resolved": "https://registry.npmjs.org/prettier/-/prettier-2.7.1.tgz",
      "integrity": "sha512-ujppO+MkdPqoVINuDFDRLClm7D78qbDt0/NR+wp5FqEZOoTNAjPHWj17QRhu7geIHJfcNhRk1XVQmF8Bp3ye+g==",
      "bin": {
        "prettier": "bin-prettier.js"
      },
      "engines": {
        "node": ">=10.13.0"
      },
      "funding": {
        "url": "https://github.com/prettier/prettier?sponsor=1"
      }
    },
    "node_modules/pyright": {
      "version": "1.1.255",
      "resolved": "https://registry.npmjs.org/pyright/-/pyright-1.1.255.tgz",
      "integrity": "sha512-pAec1Mqyq0l0+C6JH7o7Va0oWyZVACEFgP2cWD9DU/C1epoqZAt/PCRbae/7fFfn7ZGew5tiTMdtO/2RZO/cRg==",
      "bin": {
        "pyright": "index.js",
        "pyright-langserver": "langserver.index.js"
      },
      "engines": {
        "node": ">=12.0.0"
      }
    },
    "node_modules/tslib": {
      "version": "2.4.0",
      "resolved": "https://registry.npmjs.org/tslib/-/tslib-2.4.0.tgz",
      "integrity": "sha512-d6xOpEDfsi2CZVlPQzGeux8XMwLT9hssAsaPYExaQMuYskwb+x1x7J371tWlbBdWHroy99KnVB6qIkUbs5X3UQ=="
    },
    "node_modules/typescript": {
      "version": "4.7.4",
      "resolved": "https://registry.npmjs.org/typescript/-/typescript-4.7.4.tgz",
      "integrity": "sha512-C0WQT0gezHuw6AdY1M2jxUO83Rjf0HP7Sk1DtXj6j1EwkQNZrHAg2XPWlq62oqEhYvONq5pkC2Y9oPljWToLmQ==",
      "bin": {
        "tsc": "bin/tsc",
        "tsserver": "bin/tsserver"
      },
      "engines": {
        "node": ">=4.2.0"
      }
    },
    "node_modules/vscode-languageserver-textdocument": {
      "version": "1.0.5",
      "resolved": "https://registry.npmjs.org/vscode-languageserver-textdocument/-/vscode-languageserver-textdocument-1.0.5.tgz",
      "integrity": "sha512-1ah7zyQjKBudnMiHbZmxz5bYNM9KKZYz+5VQLj+yr8l+9w3g+WAhCkUkWbhMEdC5u0ub4Ndiye/fDyS8ghIKQg=="
    },
    "node_modules/vscode-uri": {
      "version": "3.0.3",
      "resolved": "https://registry.npmjs.org/vscode-uri/-/vscode-uri-3.0.3.tgz",
      "integrity": "sha512-EcswR2S8bpR7fD0YPeS7r2xXExrScVMxg4MedACaWHEtx9ftCF/qHG1xGkolzTPcEmjTavCQgbVzHUIdTMzFGA=="
    },
    "node_modules/which": {
      "version": "2.0.2",
      "resolved": "https://registry.npmjs.org/which/-/which-2.0.2.tgz",
      "integrity": "sha512-BLI3Tl1TW3Pvl70l3yq3Y64i+awpwXqsGBYWkkqMtnbXgrMD+yj7rhW0kuEDxzJaYXGjEW5ogapKNMEKNMjibA==",
      "dependencies": {
        "isexe": "^2.0.0"
      },
      "bin": {
        "node-which": "bin/node-which"
      },
      "engines": {
        "node": ">= 8"
      }
    }
  },
  "dependencies": {
    "coc-clangd": {
      "version": "0.23.0",
      "resolved": "https://registry.npmjs.org/coc-clangd/-/coc-clangd-0.23.0.tgz",
      "integrity": "sha512-beFU2td+ZLtieKXmNlFd23VQQW84xqijS0IlFR+NuqYOeCbblfSKdLc36BSjGk4FEL9Eh9tCppt1IHCo/1OrcA=="
    },
    "coc-go": {
      "version": "1.3.0",
      "resolved": "https://registry.npmjs.org/coc-go/-/coc-go-1.3.0.tgz",
      "integrity": "sha512-Oh3ea/gb0lU5qZN1qaQMAQhxscrgcYfB3ZuRWxi+tMLCjoi8gJg/g05C5zD6hfbgmhC1PsL7jPeWSe5F4MifLg==",
      "requires": {
        "tslib": "^2.3.1",
        "vscode-languageserver-textdocument": "^1.0.4",
        "vscode-uri": "^3.0.3",
        "which": "^2.0.2"
      }
    },
    "coc-json": {
      "version": "1.4.2",
      "resolved": "https://registry.npmjs.org/coc-json/-/coc-json-1.4.2.tgz",
      "integrity": "sha512-o39cHt6BxsIEaAcd9bC8Smgej0mtYBWXG2vORGuBFFPylTqRzu96nUwlzVh+cPrPfpmrM5tv3LEtXo/urFNhSA=="
    },
    "coc-prettier": {
      "version": "9.3.1",
      "resolved": "https://registry.npmjs.org/coc-prettier/-/coc-prettier-9.3.1.tgz",
      "integrity": "sha512-t/j62Sjq/eBcaN90b4KPNDuZBP3K+TomXj9RLdiJX0zE7RG2byqsxVTnVKAk9c+qE05jv16C5Zv1qv97ZKcA4g==",
      "requires": {
        "prettier": "^2.6.2"
      }
    },
    "coc-pyright": {
      "version": "1.1.255",
      "resolved": "https://registry.npmjs.org/coc-pyright/-/coc-pyright-1.1.255.tgz",
      "integrity": "sha512-EY0CD9B+niaca81hxiGG/Kvt3Z5zIB1Xs6QyUrbxpOmSDSk9F0HAzypgaK+B4NRLlxS0UtDwVZziCnK4ma1riw==",
      "requires": {
        "pyright": "^1.1.255"
      }
    },
    "coc-snippets": {
      "version": "3.0.14",
      "resolved": "https://registry.npmjs.org/coc-snippets/-/coc-snippets-3.0.14.tgz",
      "integrity": "sha512-aYlupbhcFlm03c4yGE8cv1x+s8Ur9VluA050QLzvEynbjHnzOGYZS97qwqgvWVRH0hKsU1dl50CG3XlF4T9vaA=="
    },
    "coc-tsserver": {
      "version": "1.10.5",
      "resolved": "https://registry.npmjs.org/coc-tsserver/-/coc-tsserver-1.10.5.tgz",
      "integrity": "sha512-XU+kNQLtKpEcjnf5KYXO+FdLJPrMJXU+FzZrXhniN3Zatv3z58BZr07dY01sG3LGV2of/9o58EZNs7rdSst1Pg==",
      "requires": {
        "typescript": "^4.7.2"
      }
    },
    "isexe": {
      "version": "2.0.0",
      "resolved": "https://registry.npmjs.org/isexe/-/isexe-2.0.0.tgz",
      "integrity": "sha512-RHxMLp9lnKHGHRng9QFhRCMbYAcVpn69smSGcq3f36xjgVVWThj4qqLbTLlq7Ssj8B+fIQ1EuCEGI2lKsyQeIw=="
    },
    "prettier": {
      "version": "2.7.1",
      "resolved": "https://registry.npmjs.org/prettier/-/prettier-2.7.1.tgz",
      "integrity": "sha512-ujppO+MkdPqoVINuDFDRLClm7D78qbDt0/NR+wp5FqEZOoTNAjPHWj17QRhu7geIHJfcNhRk1XVQmF8Bp3ye+g=="
    },
    "pyright": {
      "version": "1.1.255",
      "resolved": "https://registry.npmjs.org/pyright/-/pyright-1.1.255.tgz",
      "integrity": "sha512-pAec1Mqyq0l0+C6JH7o7Va0oWyZVACEFgP2cWD9DU/C1epoqZAt/PCRbae/7fFfn7ZGew5tiTMdtO/2RZO/cRg=="
    },
    "tslib": {
      "version": "2.4.0",
      "resolved": "https://registry.npmjs.org/tslib/-/tslib-2.4.0.tgz",
      "integrity": "sha512-d6xOpEDfsi2CZVlPQzGeux8XMwLT9hssAsaPYExaQMuYskwb+x1x7J371tWlbBdWHroy99KnVB6qIkUbs5X3UQ=="
    },
    "typescript": {
      "version": "4.7.4",
      "resolved": "https://registry.npmjs.org/typescript/-/typescript-4.7.4.tgz",
      "integrity": "sha512-C0WQT0gezHuw6AdY1M2jxUO83Rjf0HP7Sk1DtXj6j1EwkQNZrHAg2XPWlq62oqEhYvONq5pkC2Y9oPljWToLmQ=="
    },
    "vscode-languageserver-textdocument": {
      "version": "1.0.5",
      "resolved": "https://registry.npmjs.org/vscode-languageserver-textdocument/-/vscode-languageserver-textdocument-1.0.5.tgz",
      "integrity": "sha512-1ah7zyQjKBudnMiHbZmxz5bYNM9KKZYz+5VQLj+yr8l+9w3g+WAhCkUkWbhMEdC5u0ub4Ndiye/fDyS8ghIKQg=="
    },
    "vscode-uri": {
      "version": "3.0.3",
      "resolved": "https://registry.npmjs.org/vscode-uri/-/vscode-uri-3.0.3.tgz",
      "integrity": "sha512-EcswR2S8bpR7fD0YPeS7r2xXExrScVMxg4MedACaWHEtx9ftCF/qHG1xGkolzTPcEmjTavCQgbVzHUIdTMzFGA=="
    },
    "which": {
      "version": "2.0.2",
      "resolved": "https://registry.npmjs.org/which/-/which-2.0.2.tgz",
      "integrity": "sha512-BLI3Tl1TW3Pvl70l3yq3Y64i+awpwXqsGBYWkkqMtnbXgrMD+yj7rhW0kuEDxzJaYXGjEW5ogapKNMEKNMjibA==",
      "requires": {
        "isexe": "^2.0.0"
      }
    }
  }
}
