# THIS IS AN AUTOGENERATED FILE. DO NOT EDIT THIS FILE DIRECTLY.
# yarn lockfile v1


create-next-app@^12.2.3:
  version "12.2.3"
  resolved "https://registry.yarnpkg.com/create-next-app/-/create-next-app-12.2.3.tgz#fbfa13bc03e2d80a716f721be39cba7430ae61c7"
  integrity sha512-Hi1dIRDaGQoz5NN/gkG8Gz3VZdhU16a8x1kEG2S1ax4PYCb789yfgD9GTvAay0Nk7JRhtMsIVbGEk6As47CU3w==
